
Microsoft Visual Studio Solution File, Format Version 12.00
# Visual Studio Version 16
VisualStudioVersion = 16.0.31025.194
MinimumVisualStudioVersion = 10.0.40219.1
Project("{FAE04EC0-301F-11D3-BF4B-00C04F79EFBC}") = "PresentationLayer", "PresentationLayer\PresentationLayer.csproj", "{6F52CA60-A259-4476-B798-6202CC3A9CD5}"
EndProject
Project("{FAE04EC0-301F-11D3-BF4B-00C04F79EFBC}") = "BusinessLogicLayer", "BusinessLogicLayer\BusinessLogicLayer.csproj", "{89916CBB-DD59-4725-BB0D-055AC124BB6F}"
EndProject
Project("{FAE04EC0-301F-11D3-BF4B-00C04F79EFBC}") = "DataAccessLayer", "DataAccessLayer\DataAccessLayer.csproj", "{4B979984-BE6F-45DD-87F5-DEB237116CBC}"
EndProject
Global
	GlobalSection(SolutionConfigurationPlatforms) = preSolution
		Debug|Any CPU = Debug|Any CPU
		Release|Any CPU = Release|Any CPU
	EndGlobalSection
	GlobalSection(ProjectConfigurationPlatforms) = postSolution
		{6F52CA60-A259-4476-B798-6202CC3A9CD5}.Debug|Any CPU.ActiveCfg = Debug|Any CPU
		{6F52CA60-A259-4476-B798-6202CC3A9CD5}.Debug|Any CPU.Build.0 = Debug|Any CPU
		{6F52CA60-A259-4476-B798-6202CC3A9CD5}.Release|Any CPU.ActiveCfg = Release|Any CPU
		{6F52CA60-A259-4476-B798-6202CC3A9CD5}.Release|Any CPU.Build.0 = Release|Any CPU
		{89916CBB-DD59-4725-BB0D-055AC124BB6F}.Debug|Any CPU.ActiveCfg = Debug|Any CPU
		{89916CBB-DD59-4725-BB0D-055AC124BB6F}.Debug|Any CPU.Build.0 = Debug|Any CPU
		{89916CBB-DD59-4725-BB0D-055AC124BB6F}.Release|Any CPU.ActiveCfg = Release|Any CPU
		{89916CBB-DD59-4725-BB0D-055AC124BB6F}.Release|Any CPU.Build.0 = Release|Any CPU
		{4B979984-BE6F-45DD-87F5-DEB237116CBC}.Debug|Any CPU.ActiveCfg = Debug|Any CPU
		{4B979984-BE6F-45DD-87F5-DEB237116CBC}.Debug|Any CPU.Build.0 = Debug|Any CPU
		{4B979984-BE6F-45DD-87F5-DEB237116CBC}.Release|Any CPU.ActiveCfg = Release|Any CPU
		{4B979984-BE6F-45DD-87F5-DEB237116CBC}.Release|Any CPU.Build.0 = Release|Any CPU
	EndGlobalSection
	GlobalSection(SolutionProperties) = preSolution
		HideSolutionNode = FALSE
	EndGlobalSection
	GlobalSection(ExtensibilityGlobals) = postSolution
		SolutionGuid = {AFB505CD-7950-4963-9B72-E5186D4B398B}
	EndGlobalSection
EndGlobal
